
Microsoft Visual Studio Solution File, Format Version 12.00
# Visual Studio 14
VisualStudioVersion = 14.0.24720.0
MinimumVisualStudioVersion = 10.0.40219.1
Project("{FAE04EC0-301F-11D3-BF4B-00C04F79EFBC}") = "Art Gallery 3 (Git) Master", "Art Gallery 3 (Git) Master\Art Gallery 3 (Git) Master.csproj", "{6278A118-2037-42B7-8014-E9909ED38BEA}"
EndProject
Project("{2150E333-8FDC-42A3-9474-1A3956D46DE8}") = "Gallery3", "Gallery3", "{CDA00BB2-03B4-4334-B4A4-68503B344678}"
EndProject
Project("{FAE04EC0-301F-11D3-BF4B-00C04F79EFBC}") = "Gallery3Selfhost1", "Gallery3Selfhost1\Gallery3Selfhost1.csproj", "{DCD91001-596B-4B7F-BECD-654E64DDB29A}"
EndProject
Global
	GlobalSection(SolutionConfigurationPlatforms) = preSolution
		Debug|Any CPU = Debug|Any CPU
		Debug|ARM = Debug|ARM
		Debug|Mixed Platforms = Debug|Mixed Platforms
		Debug|x86 = Debug|x86
		Release|Any CPU = Release|Any CPU
		Release|ARM = Release|ARM
		Release|Mixed Platforms = Release|Mixed Platforms
		Release|x86 = Release|x86
	EndGlobalSection
	GlobalSection(ProjectConfigurationPlatforms) = postSolution
		{6278A118-2037-42B7-8014-E9909ED38BEA}.Debug|Any CPU.ActiveCfg = Debug|Any CPU
		{6278A118-2037-42B7-8014-E9909ED38BEA}.Debug|Any CPU.Build.0 = Debug|Any CPU
		{6278A118-2037-42B7-8014-E9909ED38BEA}.Debug|ARM.ActiveCfg = Debug|Any CPU
		{6278A118-2037-42B7-8014-E9909ED38BEA}.Debug|ARM.Build.0 = Debug|Any CPU
		{6278A118-2037-42B7-8014-E9909ED38BEA}.Debug|Mixed Platforms.ActiveCfg = Debug|Any CPU
		{6278A118-2037-42B7-8014-E9909ED38BEA}.Debug|Mixed Platforms.Build.0 = Debug|Any CPU
		{6278A118-2037-42B7-8014-E9909ED38BEA}.Debug|x86.ActiveCfg = Debug|Any CPU
		{6278A118-2037-42B7-8014-E9909ED38BEA}.Debug|x86.Build.0 = Debug|Any CPU
		{6278A118-2037-42B7-8014-E9909ED38BEA}.Release|Any CPU.ActiveCfg = Release|Any CPU
		{6278A118-2037-42B7-8014-E9909ED38BEA}.Release|Any CPU.Build.0 = Release|Any CPU
		{6278A118-2037-42B7-8014-E9909ED38BEA}.Release|ARM.ActiveCfg = Release|Any CPU
		{6278A118-2037-42B7-8014-E9909ED38BEA}.Release|ARM.Build.0 = Release|Any CPU
		{6278A118-2037-42B7-8014-E9909ED38BEA}.Release|Mixed Platforms.ActiveCfg = Release|Any CPU
		{6278A118-2037-42B7-8014-E9909ED38BEA}.Release|Mixed Platforms.Build.0 = Release|Any CPU
		{6278A118-2037-42B7-8014-E9909ED38BEA}.Release|x86.ActiveCfg = Release|Any CPU
		{6278A118-2037-42B7-8014-E9909ED38BEA}.Release|x86.Build.0 = Release|Any CPU
		{DCD91001-596B-4B7F-BECD-654E64DDB29A}.Debug|Any CPU.ActiveCfg = Debug|Any CPU
		{DCD91001-596B-4B7F-BECD-654E64DDB29A}.Debug|Any CPU.Build.0 = Debug|Any CPU
		{DCD91001-596B-4B7F-BECD-654E64DDB29A}.Debug|ARM.ActiveCfg = Debug|Any CPU
		{DCD91001-596B-4B7F-BECD-654E64DDB29A}.Debug|ARM.Build.0 = Debug|Any CPU
		{DCD91001-596B-4B7F-BECD-654E64DDB29A}.Debug|Mixed Platforms.ActiveCfg = Debug|Any CPU
		{DCD91001-596B-4B7F-BECD-654E64DDB29A}.Debug|Mixed Platforms.Build.0 = Debug|Any CPU
		{DCD91001-596B-4B7F-BECD-654E64DDB29A}.Debug|x86.ActiveCfg = Debug|Any CPU
		{DCD91001-596B-4B7F-BECD-654E64DDB29A}.Debug|x86.Build.0 = Debug|Any CPU
		{DCD91001-596B-4B7F-BECD-654E64DDB29A}.Release|Any CPU.ActiveCfg = Release|Any CPU
		{DCD91001-596B-4B7F-BECD-654E64DDB29A}.Release|Any CPU.Build.0 = Release|Any CPU
		{DCD91001-596B-4B7F-BECD-654E64DDB29A}.Release|ARM.ActiveCfg = Release|Any CPU
		{DCD91001-596B-4B7F-BECD-654E64DDB29A}.Release|ARM.Build.0 = Release|Any CPU
		{DCD91001-596B-4B7F-BECD-654E64DDB29A}.Release|Mixed Platforms.ActiveCfg = Release|Any CPU
		{DCD91001-596B-4B7F-BECD-654E64DDB29A}.Release|Mixed Platforms.Build.0 = Release|Any CPU
		{DCD91001-596B-4B7F-BECD-654E64DDB29A}.Release|x86.ActiveCfg = Release|Any CPU
		{DCD91001-596B-4B7F-BECD-654E64DDB29A}.Release|x86.Build.0 = Release|Any CPU
	EndGlobalSection
	GlobalSection(SolutionProperties) = preSolution
		HideSolutionNode = FALSE
	EndGlobalSection
	GlobalSection(NestedProjects) = preSolution
		{DCD91001-596B-4B7F-BECD-654E64DDB29A} = {CDA00BB2-03B4-4334-B4A4-68503B344678}
	EndGlobalSection
EndGlobal
